<?xml version="1.0" encoding="utf-8"?>
<Project ToolsVersion="4.0" xmlns="http://schemas.microsoft.com/developer/msbuild/2003">
  <ItemGroup>
    <ClCompile Include="main.cpp">
      <Filter>Source</Filter>
    </ClCompile>
    <ClCompile Include="RSPractice.cpp">
      <Filter>Source</Filter>
    </ClCompile>
  </ItemGroup>
  <ItemGroup>
    <Filter Include="Header">
      <UniqueIdentifier>{f4be0562-fc89-4a14-b9c8-894b15950a87}</UniqueIdentifier>
    </Filter>
    <Filter Include="Source">
      <UniqueIdentifier>{d66ba574-0c79-4af1-bcf1-37f32c4248d5}</UniqueIdentifier>
    </Filter>
    <Filter Include="Form">
      <UniqueIdentifier>{fb5f1c04-9de6-4f57-a675-e4641b53b73d}</UniqueIdentifier>
    </Filter>
    <Filter Include="Resource">
      <UniqueIdentifier>{1cdfa891-db4b-4354-9796-17cd4b9255cb}</UniqueIdentifier>
    </Filter>
  </ItemGroup>
  <ItemGroup>
    <QtMoc Include="RSPractice.h">
      <Filter>Header</Filter>
    </QtMoc>
  </ItemGroup>
  <ItemGroup>
    <QtUic Include="RSPractice.ui">
      <Filter>Form</Filter>
    </QtUic>
  </ItemGroup>
  <ItemGroup>
    <QtRcc Include="RSPractice.qrc">
      <Filter>Resource</Filter>
    </QtRcc>
  </ItemGroup>
</Project>